// !$*UTF8*$!
{
	archiveVersion = 1;
	classes = {
	};
	objectVersion = 46;
	objects = {

/* Begin PBXBuildFile section */
		281E4CE06FCD84BFA2968F23 /* libPods-Demo.a in Frameworks */ = {isa = PBXBuildFile; fileRef = 1BF4D25D007C5622DC74F929 /* libPods-Demo.a */; };
		56F8CC841C8B889500B7E5A2 /* main.m in Sources */ = {isa = PBXBuildFile; fileRef = 56F8CC831C8B889500B7E5A2 /* main.m */; };
		56F8CC871C8B889500B7E5A2 /* AppDelegate.m in Sources */ = {isa = PBXBuildFile; fileRef = 56F8CC861C8B889500B7E5A2 /* AppDelegate.m */; };
		56F8CC8A1C8B889500B7E5A2 /* ViewController.m in Sources */ = {isa = PBXBuildFile; fileRef = 56F8CC891C8B889500B7E5A2 /* ViewController.m */; };
		56F8CC8D1C8B889500B7E5A2 /* Main.storyboard in Resources */ = {isa = PBXBuildFile; fileRef = 56F8CC8B1C8B889500B7E5A2 /* Main.storyboard */; };
		56F8CC901C8B889500B7E5A2 /* Demo.xcdatamodeld in Sources */ = {isa = PBXBuildFile; fileRef = 56F8CC8E1C8B889500B7E5A2 /* Demo.xcdatamodeld */; };
		56F8CC921C8B889500B7E5A2 /* Assets.xcassets in Resources */ = {isa = PBXBuildFile; fileRef = 56F8CC911C8B889500B7E5A2 /* Assets.xcassets */; };
		56F8CC951C8B889500B7E5A2 /* LaunchScreen.storyboard in Resources */ = {isa = PBXBuildFile; fileRef = 56F8CC931C8B889500B7E5A2 /* LaunchScreen.storyboard */; };
		56F8CCA71C8B893700B7E5A2 /* Proximiio.framework in Frameworks */ = {isa = PBXBuildFile; fileRef = 56F8CCA21C8B893700B7E5A2 /* Proximiio.framework */; };
		56F8CCEB1C91025900B7E5A2 /* Podfile in Resources */ = {isa = PBXBuildFile; fileRef = 56F8CCEA1C91025900B7E5A2 /* Podfile */; };
/* End PBXBuildFile section */

/* Begin PBXCopyFilesBuildPhase section */
		56F8CCBF1C8B954700B7E5A2 /* Embed Frameworks */ = {
			isa = PBXCopyFilesBuildPhase;
			buildActionMask = 2147483647;
			dstPath = "";
			dstSubfolderSpec = 10;
			files = (
			);
			name = "Embed Frameworks";
			runOnlyForDeploymentPostprocessing = 0;
		};
/* End PBXCopyFilesBuildPhase section */

/* Begin PBXFileReference section */
		1BF4D25D007C5622DC74F929 /* libPods-Demo.a */ = {isa = PBXFileReference; explicitFileType = archive.ar; includeInIndex = 0; path = "libPods-Demo.a"; sourceTree = BUILT_PRODUCTS_DIR; };
		56F8CC7F1C8B889500B7E5A2 /* Demo.app */ = {isa = PBXFileReference; explicitFileType = wrapper.application; includeInIndex = 0; path = Demo.app; sourceTree = BUILT_PRODUCTS_DIR; };
		56F8CC831C8B889500B7E5A2 /* main.m */ = {isa = PBXFileReference; lastKnownFileType = sourcecode.c.objc; path = main.m; sourceTree = "<group>"; };
		56F8CC851C8B889500B7E5A2 /* AppDelegate.h */ = {isa = PBXFileReference; lastKnownFileType = sourcecode.c.h; path = AppDelegate.h; sourceTree = "<group>"; };
		56F8CC861C8B889500B7E5A2 /* AppDelegate.m */ = {isa = PBXFileReference; lastKnownFileType = sourcecode.c.objc; path = AppDelegate.m; sourceTree = "<group>"; };
		56F8CC881C8B889500B7E5A2 /* ViewController.h */ = {isa = PBXFileReference; lastKnownFileType = sourcecode.c.h; path = ViewController.h; sourceTree = "<group>"; };
		56F8CC891C8B889500B7E5A2 /* ViewController.m */ = {isa = PBXFileReference; lastKnownFileType = sourcecode.c.objc; path = ViewController.m; sourceTree = "<group>"; };
		56F8CC8C1C8B889500B7E5A2 /* Base */ = {isa = PBXFileReference; lastKnownFileType = file.storyboard; name = Base; path = Base.lproj/Main.storyboard; sourceTree = "<group>"; };
		56F8CC8F1C8B889500B7E5A2 /* Demo.xcdatamodel */ = {isa = PBXFileReference; lastKnownFileType = wrapper.xcdatamodel; path = Demo.xcdatamodel; sourceTree = "<group>"; };
		56F8CC911C8B889500B7E5A2 /* Assets.xcassets */ = {isa = PBXFileReference; lastKnownFileType = folder.assetcatalog; path = Assets.xcassets; sourceTree = "<group>"; };
		56F8CC941C8B889500B7E5A2 /* Base */ = {isa = PBXFileReference; lastKnownFileType = file.storyboard; name = Base; path = Base.lproj/LaunchScreen.storyboard; sourceTree = "<group>"; };
		56F8CC961C8B889600B7E5A2 /* Info.plist */ = {isa = PBXFileReference; lastKnownFileType = text.plist.xml; path = Info.plist; sourceTree = "<group>"; };
		56F8CCA21C8B893700B7E5A2 /* Proximiio.framework */ = {isa = PBXFileReference; lastKnownFileType = wrapper.framework; name = Proximiio.framework; path = "/Users/marian/Documents/Projekte/NavtureApps/proximiio-ios-demo/Demo/ExternalFrameworks/Proximiio.framework"; sourceTree = "<absolute>"; };
		56F8CCEA1C91025900B7E5A2 /* Podfile */ = {isa = PBXFileReference; fileEncoding = 4; lastKnownFileType = text; path = Podfile; sourceTree = "<group>"; };
		E9C65ED2B308A299FC76DD8C /* Pods-Demo.debug.xcconfig */ = {isa = PBXFileReference; includeInIndex = 1; lastKnownFileType = text.xcconfig; name = "Pods-Demo.debug.xcconfig"; path = "Pods/Target Support Files/Pods-Demo/Pods-Demo.debug.xcconfig"; sourceTree = "<group>"; };
		EB04850DD2D0820B9BB53404 /* Pods-Demo.release.xcconfig */ = {isa = PBXFileReference; includeInIndex = 1; lastKnownFileType = text.xcconfig; name = "Pods-Demo.release.xcconfig"; path = "Pods/Target Support Files/Pods-Demo/Pods-Demo.release.xcconfig"; sourceTree = "<group>"; };
/* End PBXFileReference section */

/* Begin PBXFrameworksBuildPhase section */
		56F8CC7C1C8B889500B7E5A2 /* Frameworks */ = {
			isa = PBXFrameworksBuildPhase;
			buildActionMask = 2147483647;
			files = (
				56F8CCA71C8B893700B7E5A2 /* Proximiio.framework in Frameworks */,
				281E4CE06FCD84BFA2968F23 /* libPods-Demo.a in Frameworks */,
			);
			runOnlyForDeploymentPostprocessing = 0;
		};
/* End PBXFrameworksBuildPhase section */

/* Begin PBXGroup section */
		56F8CC761C8B889500B7E5A2 = {
			isa = PBXGroup;
			children = (
				56F8CCEA1C91025900B7E5A2 /* Podfile */,
				56F8CC811C8B889500B7E5A2 /* Demo */,
				56F8CC801C8B889500B7E5A2 /* Products */,
				C2AF67089B92330C1A7242E9 /* Pods */,
				B64A1C4BA76631D4507270C4 /* Frameworks */,
			);
			sourceTree = "<group>";
		};
		56F8CC801C8B889500B7E5A2 /* Products */ = {
			isa = PBXGroup;
			children = (
				56F8CC7F1C8B889500B7E5A2 /* Demo.app */,
			);
			name = Products;
			sourceTree = "<group>";
		};
		56F8CC811C8B889500B7E5A2 /* Demo */ = {
			isa = PBXGroup;
			children = (
				56F8CC851C8B889500B7E5A2 /* AppDelegate.h */,
				56F8CC861C8B889500B7E5A2 /* AppDelegate.m */,
				56F8CC881C8B889500B7E5A2 /* ViewController.h */,
				56F8CC891C8B889500B7E5A2 /* ViewController.m */,
				56F8CC8B1C8B889500B7E5A2 /* Main.storyboard */,
				56F8CC911C8B889500B7E5A2 /* Assets.xcassets */,
				56F8CC931C8B889500B7E5A2 /* LaunchScreen.storyboard */,
				56F8CC961C8B889600B7E5A2 /* Info.plist */,
				56F8CC8E1C8B889500B7E5A2 /* Demo.xcdatamodeld */,
				56F8CC821C8B889500B7E5A2 /* Supporting Files */,
			);
			path = Demo;
			sourceTree = "<group>";
		};
		56F8CC821C8B889500B7E5A2 /* Supporting Files */ = {
			isa = PBXGroup;
			children = (
				56F8CC831C8B889500B7E5A2 /* main.m */,
			);
			name = "Supporting Files";
			sourceTree = "<group>";
		};
		B64A1C4BA76631D4507270C4 /* Frameworks */ = {
			isa = PBXGroup;
			children = (
				1BF4D25D007C5622DC74F929 /* libPods-Demo.a */,
			);
			name = Frameworks;
			sourceTree = "<group>";
		};
		C2AF67089B92330C1A7242E9 /* Pods */ = {
			isa = PBXGroup;
			children = (
				E9C65ED2B308A299FC76DD8C /* Pods-Demo.debug.xcconfig */,
				EB04850DD2D0820B9BB53404 /* Pods-Demo.release.xcconfig */,
			);
			name = Pods;
			sourceTree = "<group>";
		};
/* End PBXGroup section */

/* Begin PBXNativeTarget section */
		56F8CC7E1C8B889500B7E5A2 /* Demo */ = {
			isa = PBXNativeTarget;
			buildConfigurationList = 56F8CC991C8B889600B7E5A2 /* Build configuration list for PBXNativeTarget "Demo" */;
			buildPhases = (
				AB7CFA272D3B0CE41CAEAD6D /* [CP] Check Pods Manifest.lock */,
				56F8CC7B1C8B889500B7E5A2 /* Sources */,
				56F8CC7C1C8B889500B7E5A2 /* Frameworks */,
				56F8CC7D1C8B889500B7E5A2 /* Resources */,
				56F8CCBF1C8B954700B7E5A2 /* Embed Frameworks */,
				E42D5FDC5CB786082730B8E2 /* [CP] Embed Pods Frameworks */,
				D5610CEB2D83D5CD5992BF61 /* [CP] Copy Pods Resources */,
			);
			buildRules = (
			);
			dependencies = (
			);
			name = Demo;
			productName = Demo;
			productReference = 56F8CC7F1C8B889500B7E5A2 /* Demo.app */;
			productType = "com.apple.product-type.application";
		};
/* End PBXNativeTarget section */

/* Begin PBXProject section */
		56F8CC771C8B889500B7E5A2 /* Project object */ = {
			isa = PBXProject;
			attributes = {
				LastUpgradeCheck = 0720;
				ORGANIZATIONNAME = proximi.io;
				TargetAttributes = {
					56F8CC7E1C8B889500B7E5A2 = {
						CreatedOnToolsVersion = 7.2;
						SystemCapabilities = {
							com.apple.BackgroundModes = {
								enabled = 1;
							};
						};
					};
				};
			};
			buildConfigurationList = 56F8CC7A1C8B889500B7E5A2 /* Build configuration list for PBXProject "Demo" */;
			compatibilityVersion = "Xcode 3.2";
			developmentRegion = English;
			hasScannedForEncodings = 0;
			knownRegions = (
				en,
				Base,
			);
			mainGroup = 56F8CC761C8B889500B7E5A2;
			productRefGroup = 56F8CC801C8B889500B7E5A2 /* Products */;
			projectDirPath = "";
			projectRoot = "";
			targets = (
				56F8CC7E1C8B889500B7E5A2 /* Demo */,
			);
		};
/* End PBXProject section */

/* Begin PBXResourcesBuildPhase section */
		56F8CC7D1C8B889500B7E5A2 /* Resources */ = {
			isa = PBXResourcesBuildPhase;
			buildActionMask = 2147483647;
			files = (
				56F8CC951C8B889500B7E5A2 /* LaunchScreen.storyboard in Resources */,
				56F8CC921C8B889500B7E5A2 /* Assets.xcassets in Resources */,
				56F8CCEB1C91025900B7E5A2 /* Podfile in Resources */,
				56F8CC8D1C8B889500B7E5A2 /* Main.storyboard in Resources */,
			);
			runOnlyForDeploymentPostprocessing = 0;
		};
/* End PBXResourcesBuildPhase section */

/* Begin PBXShellScriptBuildPhase section */
		AB7CFA272D3B0CE41CAEAD6D /* [CP] Check Pods Manifest.lock */ = {
			isa = PBXShellScriptBuildPhase;
			buildActionMask = 2147483647;
			files = (
			);
			inputPaths = (
			);
			name = "[CP] Check Pods Manifest.lock";
			outputPaths = (
			);
			runOnlyForDeploymentPostprocessing = 0;
			shellPath = /bin/sh;
			shellScript = "diff \"${PODS_ROOT}/../Podfile.lock\" \"${PODS_ROOT}/Manifest.lock\" > /dev/null\nif [ $? != 0 ] ; then\n    # print error to STDERR\n    echo \"error: The sandbox is not in sync with the Podfile.lock. Run 'pod install' or update your CocoaPods installation.\" >&2\n    exit 1\nfi\n";
			showEnvVarsInLog = 0;
		};
		D5610CEB2D83D5CD5992BF61 /* [CP] Copy Pods Resources */ = {
			isa = PBXShellScriptBuildPhase;
			buildActionMask = 2147483647;
			files = (
			);
			inputPaths = (
			);
			name = "[CP] Copy Pods Resources";
			outputPaths = (
			);
			runOnlyForDeploymentPostprocessing = 0;
			shellPath = /bin/sh;
			shellScript = "\"${SRCROOT}/Pods/Target Support Files/Pods-Demo/Pods-Demo-resources.sh\"\n";
			showEnvVarsInLog = 0;
		};
		E42D5FDC5CB786082730B8E2 /* [CP] Embed Pods Frameworks */ = {
			isa = PBXShellScriptBuildPhase;
			buildActionMask = 2147483647;
			files = (
			);
			inputPaths = (
			);
			name = "[CP] Embed Pods Frameworks";
			outputPaths = (
			);
			runOnlyForDeploymentPostprocessing = 0;
			shellPath = /bin/sh;
			shellScript = "\"${SRCROOT}/Pods/Target Support Files/Pods-Demo/Pods-Demo-frameworks.sh\"\n";
			showEnvVarsInLog = 0;
		};
/* End PBXShellScriptBuildPhase section */

/* Begin PBXSourcesBuildPhase section */
		56F8CC7B1C8B889500B7E5A2 /* Sources */ = {
			isa = PBXSourcesBuildPhase;
			buildActionMask = 2147483647;
			files = (
				56F8CC8A1C8B889500B7E5A2 /* ViewController.m in Sources */,
				56F8CC871C8B889500B7E5A2 /* AppDelegate.m in Sources */,
				56F8CC901C8B889500B7E5A2 /* Demo.xcdatamodeld in Sources */,
				56F8CC841C8B889500B7E5A2 /* main.m in Sources */,
			);
			runOnlyForDeploymentPostprocessing = 0;
		};
/* End PBXSourcesBuildPhase section */

/* Begin PBXVariantGroup section */
		56F8CC8B1C8B889500B7E5A2 /* Main.storyboard */ = {
			isa = PBXVariantGroup;
			children = (
				56F8CC8C1C8B889500B7E5A2 /* Base */,
			);
			name = Main.storyboard;
			sourceTree = "<group>";
		};
		56F8CC931C8B889500B7E5A2 /* LaunchScreen.storyboard */ = {
			isa = PBXVariantGroup;
			children = (
				56F8CC941C8B889500B7E5A2 /* Base */,
			);
			name = LaunchScreen.storyboard;
			sourceTree = "<group>";
		};
/* End PBXVariantGroup section */

/* Begin XCBuildConfiguration section */
		56F8CC971C8B889600B7E5A2 /* Debug */ = {
			isa = XCBuildConfiguration;
			buildSettings = {
				ALWAYS_SEARCH_USER_PATHS = NO;
				CLANG_CXX_LANGUAGE_STANDARD = "gnu++0x";
				CLANG_CXX_LIBRARY = "libc++";
				CLANG_ENABLE_MODULES = YES;
				CLANG_ENABLE_OBJC_ARC = YES;
				CLANG_WARN_BOOL_CONVERSION = YES;
				CLANG_WARN_CONSTANT_CONVERSION = YES;
				CLANG_WARN_DIRECT_OBJC_ISA_USAGE = YES_ERROR;
				CLANG_WARN_EMPTY_BODY = YES;
				CLANG_WARN_ENUM_CONVERSION = YES;
				CLANG_WARN_INT_CONVERSION = YES;
				CLANG_WARN_OBJC_ROOT_CLASS = YES_ERROR;
				CLANG_WARN_UNREACHABLE_CODE = YES;
				CLANG_WARN__DUPLICATE_METHOD_MATCH = YES;
				"CODE_SIGN_IDENTITY[sdk=iphoneos*]" = "iPhone Developer";
				COPY_PHASE_STRIP = NO;
				DEBUG_INFORMATION_FORMAT = dwarf;
				ENABLE_STRICT_OBJC_MSGSEND = YES;
				ENABLE_TESTABILITY = YES;
				GCC_C_LANGUAGE_STANDARD = gnu99;
				GCC_DYNAMIC_NO_PIC = NO;
				GCC_NO_COMMON_BLOCKS = YES;
				GCC_OPTIMIZATION_LEVEL = 0;
				GCC_PREPROCESSOR_DEFINITIONS = (
					"DEBUG=1",
					"$(inherited)",
				);
				GCC_WARN_64_TO_32_BIT_CONVERSION = YES;
				GCC_WARN_ABOUT_RETURN_TYPE = YES_ERROR;
				GCC_WARN_UNDECLARED_SELECTOR = YES;
				GCC_WARN_UNINITIALIZED_AUTOS = YES_AGGRESSIVE;
				GCC_WARN_UNUSED_FUNCTION = YES;
				GCC_WARN_UNUSED_VARIABLE = YES;
				IPHONEOS_DEPLOYMENT_TARGET = 9.2;
				MTL_ENABLE_DEBUG_INFO = YES;
				ONLY_ACTIVE_ARCH = YES;
				SDKROOT = iphoneos;
				TARGETED_DEVICE_FAMILY = "1,2";
			};
			name = Debug;
		};
		56F8CC981C8B889600B7E5A2 /* Release */ = {
			isa = XCBuildConfiguration;
			buildSettings = {
				ALWAYS_SEARCH_USER_PATHS = NO;
				CLANG_CXX_LANGUAGE_STANDARD = "gnu++0x";
				CLANG_CXX_LIBRARY = "libc++";
				CLANG_ENABLE_MODULES = YES;
				CLANG_ENABLE_OBJC_ARC = YES;
				CLANG_WARN_BOOL_CONVERSION = YES;
				CLANG_WARN_CONSTANT_CONVERSION = YES;
				CLANG_WARN_DIRECT_OBJC_ISA_USAGE = YES_ERROR;
				CLANG_WARN_EMPTY_BODY = YES;
				CLANG_WARN_ENUM_CONVERSION = YES;
				CLANG_WARN_INT_CONVERSION = YES;
				CLANG_WARN_OBJC_ROOT_CLASS = YES_ERROR;
				CLANG_WARN_UNREACHABLE_CODE = YES;
				CLANG_WARN__DUPLICATE_METHOD_MATCH = YES;
				"CODE_SIGN_IDENTITY[sdk=iphoneos*]" = "iPhone Developer";
				COPY_PHASE_STRIP = NO;
				DEBUG_INFORMATION_FORMAT = "dwarf-with-dsym";
				ENABLE_NS_ASSERTIONS = NO;
				ENABLE_STRICT_OBJC_MSGSEND = YES;
				GCC_C_LANGUAGE_STANDARD = gnu99;
				GCC_NO_COMMON_BLOCKS = YES;
				GCC_WARN_64_TO_32_BIT_CONVERSION = YES;
				GCC_WARN_ABOUT_RETURN_TYPE = YES_ERROR;
				GCC_WARN_UNDECLARED_SELECTOR = YES;
				GCC_WARN_UNINITIALIZED_AUTOS = YES_AGGRESSIVE;
				GCC_WARN_UNUSED_FUNCTION = YES;
				GCC_WARN_UNUSED_VARIABLE = YES;
				IPHONEOS_DEPLOYMENT_TARGET = 9.2;
				MTL_ENABLE_DEBUG_INFO = NO;
				SDKROOT = iphoneos;
				TARGETED_DEVICE_FAMILY = "1,2";
				VALIDATE_PRODUCT = YES;
			};
			name = Release;
		};
		56F8CC9A1C8B889600B7E5A2 /* Debug */ = {
			isa = XCBuildConfiguration;
			baseConfigurationReference = E9C65ED2B308A299FC76DD8C /* Pods-Demo.debug.xcconfig */;
			buildSettings = {
				ASSETCATALOG_COMPILER_APPICON_NAME = AppIcon;
				ENABLE_BITCODE = NO;
				FRAMEWORK_SEARCH_PATHS = (
					"$(inherited)",
					"$(PROJECT_DIR)/ExternalFrameworks",
				);
				INFOPLIST_FILE = Demo/Info.plist;
				LD_RUNPATH_SEARCH_PATHS = "$(inherited) @executable_path/Frameworks";
				PRODUCT_BUNDLE_IDENTIFIER = io.proximi.Demo;
				PRODUCT_NAME = "$(TARGET_NAME)";
			};
			name = Debug;
		};
		56F8CC9B1C8B889600B7E5A2 /* Release */ = {
			isa = XCBuildConfiguration;
			baseConfigurationReference = EB04850DD2D0820B9BB53404 /* Pods-Demo.release.xcconfig */;
			buildSettings = {
				ASSETCATALOG_COMPILER_APPICON_NAME = AppIcon;
				ENABLE_BITCODE = NO;
				FRAMEWORK_SEARCH_PATHS = (
					"$(inherited)",
					"$(PROJECT_DIR)/ExternalFrameworks",
				);
				INFOPLIST_FILE = Demo/Info.plist;
				LD_RUNPATH_SEARCH_PATHS = "$(inherited) @executable_path/Frameworks";
				PRODUCT_BUNDLE_IDENTIFIER = io.proximi.Demo;
				PRODUCT_NAME = "$(TARGET_NAME)";
			};
			name = Release;
		};
/* End XCBuildConfiguration section */

/* Begin XCConfigurationList section */
		56F8CC7A1C8B889500B7E5A2 /* Build configuration list for PBXProject "Demo" */ = {
			isa = XCConfigurationList;
			buildConfigurations = (
				56F8CC971C8B889600B7E5A2 /* Debug */,
				56F8CC981C8B889600B7E5A2 /* Release */,
			);
			defaultConfigurationIsVisible = 0;
			defaultConfigurationName = Release;
		};
		56F8CC991C8B889600B7E5A2 /* Build configuration list for PBXNativeTarget "Demo" */ = {
			isa = XCConfigurationList;
			buildConfigurations = (
				56F8CC9A1C8B889600B7E5A2 /* Debug */,
				56F8CC9B1C8B889600B7E5A2 /* Release */,
			);
			defaultConfigurationIsVisible = 0;
			defaultConfigurationName = Release;
		};
/* End XCConfigurationList section */

/* Begin XCVersionGroup section */
		56F8CC8E1C8B889500B7E5A2 /* Demo.xcdatamodeld */ = {
			isa = XCVersionGroup;
			children = (
				56F8CC8F1C8B889500B7E5A2 /* Demo.xcdatamodel */,
			);
			currentVersion = 56F8CC8F1C8B889500B7E5A2 /* Demo.xcdatamodel */;
			path = Demo.xcdatamodeld;
			sourceTree = "<group>";
			versionGroupType = wrapper.xcdatamodel;
		};
/* End XCVersionGroup section */
	};
	rootObject = 56F8CC771C8B889500B7E5A2 /* Project object */;
}
